<?xml version="1.0" encoding="utf-8"?>
<Project ToolsVersion="4.0" xmlns="http://schemas.microsoft.com/developer/msbuild/2003">
  <ItemGroup>
    <Filter Include="Source Files">
      <UniqueIdentifier>{4FC737F1-C7A5-4376-A066-2A32D752A2FF}</UniqueIdentifier>
      <Extensions>cpp;c;cc;cxx;c++;cppm;ixx;def;odl;idl;hpj;bat;asm;asmx</Extensions>
    </Filter>
    <Filter Include="Header Files">
      <UniqueIdentifier>{93995380-89BD-4b04-88EB-625FBE52EBFB}</UniqueIdentifier>
      <Extensions>h;hh;hpp;hxx;h++;hm;inl;inc;ipp;xsd</Extensions>
    </Filter>
    <Filter Include="Resource Files">
      <UniqueIdentifier>{67DA6AB6-F800-4c08-8B7A-83BB121AAD01}</UniqueIdentifier>
      <Extensions>rc;ico;cur;bmp;dlg;rc2;rct;bin;rgs;gif;jpg;jpeg;jpe;resx;tiff;tif;png;wav;mfcribbon-ms</Extensions>
    </Filter>
  </ItemGroup>
  <ItemGroup>
    <ClCompile Include="3rd\glad\src\glad.c">
      <Filter>Source Files</Filter>
    </ClCompile>
    <ClCompile Include="3rd\glm\detail\glm.cpp">
      <Filter>Source Files</Filter>
    </ClCompile>
    <ClCompile Include="src\main.cpp">
      <Filter>Source Files</Filter>
    </ClCompile>
    <ClCompile Include="src\Model\mesh.cpp">
      <Filter>Source Files</Filter>
    </ClCompile>
    <ClCompile Include="src\Model\model.cpp">
      <Filter>Source Files</Filter>
    </ClCompile>
    <ClCompile Include="src\Model\fileManager.cpp">
      <Filter>Source Files</Filter>
    </ClCompile>
    <ClCompile Include="src\Model\HBE_texture.cpp">
      <Filter>Source Files</Filter>
    </ClCompile>
    <ClCompile Include="src\Graphics\ComputeShader.cpp">
      <Filter>Source Files</Filter>
    </ClCompile>
    <ClCompile Include="src\Graphics\CubeTextureMap.cpp">
      <Filter>Source Files</Filter>
    </ClCompile>
    <ClCompile Include="src\Graphics\DepthBuffer.cpp">
      <Filter>Source Files</Filter>
    </ClCompile>
    <ClCompile Include="src\Graphics\Fps.cpp">
      <Filter>Source Files</Filter>
    </ClCompile>
    <ClCompile Include="src\Graphics\Framebuffer.cpp">
      <Filter>Source Files</Filter>
    </ClCompile>
    <ClCompile Include="src\Graphics\IndexBuffer.cpp">
      <Filter>Source Files</Filter>
    </ClCompile>
    <ClCompile Include="src\Graphics\Shader.cpp">
      <Filter>Source Files</Filter>
    </ClCompile>
    <ClCompile Include="src\Graphics\Texture.cpp">
      <Filter>Source Files</Filter>
    </ClCompile>
    <ClCompile Include="src\Graphics\TextureArray.cpp">
      <Filter>Source Files</Filter>
    </ClCompile>
    <ClCompile Include="src\Graphics\VertexArray.cpp">
      <Filter>Source Files</Filter>
    </ClCompile>
    <ClCompile Include="src\Graphics\VertexBuffer.cpp">
      <Filter>Source Files</Filter>
    </ClCompile>
    <ClCompile Include="src\Graphics\stb_image.cpp">
      <Filter>Source Files</Filter>
    </ClCompile>
    <ClCompile Include="src\Renderer\Pass.cpp">
      <Filter>Source Files</Filter>
    </ClCompile>
    <ClCompile Include="src\Renderer\ShaderManager.cpp">
      <Filter>Source Files</Filter>
    </ClCompile>
    <ClCompile Include="src\Application\Application.cpp">
      <Filter>Source Files</Filter>
    </ClCompile>
    <ClCompile Include="src\Geometry\Plane.cpp">
      <Filter>Source Files</Filter>
    </ClCompile>
    <ClCompile Include="src\Renderer\Renderer.cpp">
      <Filter>Source Files</Filter>
    </ClCompile>
    <ClCompile Include="src\Geometry\Sphere.cpp">
      <Filter>Source Files</Filter>
    </ClCompile>
    <ClCompile Include="src\Geometry\Quad.cpp">
      <Filter>Source Files</Filter>
    </ClCompile>
    <ClCompile Include="src\Renderer\LightSystem.cpp">
      <Filter>Source Files</Filter>
    </ClCompile>
    <ClCompile Include="src\Graphics\CubeTexture.cpp">
      <Filter>Source Files</Filter>
    </ClCompile>
    <ClCompile Include="src\Graphics\FrameBufferCube.cpp">
      <Filter>Source Files</Filter>
    </ClCompile>
    <ClCompile Include="src\Geometry\Cube.cpp">
      <Filter>Source Files</Filter>
    </ClCompile>
    <ClCompile Include="src\Renderer\CSM.cpp">
      <Filter>Source Files</Filter>
    </ClCompile>
  </ItemGroup>
  <ItemGroup>
    <ClInclude Include="3rd\glad\include\glad\glad.h">
      <Filter>Header Files</Filter>
    </ClInclude>
    <ClInclude Include="3rd\glad\include\KHR\khrplatform.h">
      <Filter>Header Files</Filter>
    </ClInclude>
    <ClInclude Include="3rd\assimp\assimp\Compiler\poppack1.h">
      <Filter>Header Files</Filter>
    </ClInclude>
    <ClInclude Include="3rd\assimp\assimp\Compiler\pstdint.h">
      <Filter>Header Files</Filter>
    </ClInclude>
    <ClInclude Include="3rd\assimp\assimp\Compiler\pushpack1.h">
      <Filter>Header Files</Filter>
    </ClInclude>
    <ClInclude Include="3rd\assimp\assimp\port\AndroidJNI\AndroidJNIIOSystem.h">
      <Filter>Header Files</Filter>
    </ClInclude>
    <ClInclude Include="3rd\assimp\assimp\ai_assert.h">
      <Filter>Header Files</Filter>
    </ClInclude>
    <ClInclude Include="3rd\assimp\assimp\anim.h">
      <Filter>Header Files</Filter>
    </ClInclude>
    <ClInclude Include="3rd\assimp\assimp\BaseImporter.h">
      <Filter>Header Files</Filter>
    </ClInclude>
    <ClInclude Include="3rd\assimp\assimp\Bitmap.h">
      <Filter>Header Files</Filter>
    </ClInclude>
    <ClInclude Include="3rd\assimp\assimp\BlobIOSystem.h">
      <Filter>Header Files</Filter>
    </ClInclude>
    <ClInclude Include="3rd\assimp\assimp\ByteSwapper.h">
      <Filter>Header Files</Filter>
    </ClInclude>
    <ClInclude Include="3rd\assimp\assimp\camera.h">
      <Filter>Header Files</Filter>
    </ClInclude>
    <ClInclude Include="3rd\assimp\assimp\cexport.h">
      <Filter>Header Files</Filter>
    </ClInclude>
    <ClInclude Include="3rd\assimp\assimp\cfileio.h">
      <Filter>Header Files</Filter>
    </ClInclude>
    <ClInclude Include="3rd\assimp\assimp\cimport.h">
      <Filter>Header Files</Filter>
    </ClInclude>
    <ClInclude Include="3rd\assimp\assimp\color4.h">
      <Filter>Header Files</Filter>
    </ClInclude>
    <ClInclude Include="3rd\assimp\assimp\config.h">
      <Filter>Header Files</Filter>
    </ClInclude>
    <ClInclude Include="3rd\assimp\assimp\CreateAnimMesh.h">
      <Filter>Header Files</Filter>
    </ClInclude>
    <ClInclude Include="3rd\assimp\assimp\DefaultIOStream.h">
      <Filter>Header Files</Filter>
    </ClInclude>
    <ClInclude Include="3rd\assimp\assimp\DefaultIOSystem.h">
      <Filter>Header Files</Filter>
    </ClInclude>
    <ClInclude Include="3rd\assimp\assimp\DefaultLogger.hpp">
      <Filter>Header Files</Filter>
    </ClInclude>
    <ClInclude Include="3rd\assimp\assimp\Defines.h">
      <Filter>Header Files</Filter>
    </ClInclude>
    <ClInclude Include="3rd\assimp\assimp\defs.h">
      <Filter>Header Files</Filter>
    </ClInclude>
    <ClInclude Include="3rd\assimp\assimp\Exceptional.h">
      <Filter>Header Files</Filter>
    </ClInclude>
    <ClInclude Include="3rd\assimp\assimp\Exporter.hpp">
      <Filter>Header Files</Filter>
    </ClInclude>
    <ClInclude Include="3rd\assimp\assimp\fast_atof.h">
      <Filter>Header Files</Filter>
    </ClInclude>
    <ClInclude Include="3rd\assimp\assimp\GenericProperty.h">
      <Filter>Header Files</Filter>
    </ClInclude>
    <ClInclude Include="3rd\assimp\assimp\Hash.h">
      <Filter>Header Files</Filter>
    </ClInclude>
    <ClInclude Include="3rd\assimp\assimp\Importer.hpp">
      <Filter>Header Files</Filter>
    </ClInclude>
    <ClInclude Include="3rd\assimp\assimp\importerdesc.h">
      <Filter>Header Files</Filter>
    </ClInclude>
    <ClInclude Include="3rd\assimp\assimp\IOStream.hpp">
      <Filter>Header Files</Filter>
    </ClInclude>
    <ClInclude Include="3rd\assimp\assimp\IOStreamBuffer.h">
      <Filter>Header Files</Filter>
    </ClInclude>
    <ClInclude Include="3rd\assimp\assimp\IOSystem.hpp">
      <Filter>Header Files</Filter>
    </ClInclude>
    <ClInclude Include="3rd\assimp\assimp\irrXMLWrapper.h">
      <Filter>Header Files</Filter>
    </ClInclude>
    <ClInclude Include="3rd\assimp\assimp\light.h">
      <Filter>Header Files</Filter>
    </ClInclude>
    <ClInclude Include="3rd\assimp\assimp\LineSplitter.h">
      <Filter>Header Files</Filter>
    </ClInclude>
    <ClInclude Include="3rd\assimp\assimp\LogAux.h">
      <Filter>Header Files</Filter>
    </ClInclude>
    <ClInclude Include="3rd\assimp\assimp\Logger.hpp">
      <Filter>Header Files</Filter>
    </ClInclude>
    <ClInclude Include="3rd\assimp\assimp\LogStream.hpp">
      <Filter>Header Files</Filter>
    </ClInclude>
    <ClInclude Include="3rd\assimp\assimp\Macros.h">
      <Filter>Header Files</Filter>
    </ClInclude>
    <ClInclude Include="3rd\assimp\assimp\material.h">
      <Filter>Header Files</Filter>
    </ClInclude>
    <ClInclude Include="3rd\assimp\assimp\MathFunctions.h">
      <Filter>Header Files</Filter>
    </ClInclude>
    <ClInclude Include="3rd\assimp\assimp\matrix3x3.h">
      <Filter>Header Files</Filter>
    </ClInclude>
    <ClInclude Include="3rd\assimp\assimp\matrix4x4.h">
      <Filter>Header Files</Filter>
    </ClInclude>
    <ClInclude Include="3rd\assimp\assimp\MemoryIOWrapper.h">
      <Filter>Header Files</Filter>
    </ClInclude>
    <ClInclude Include="3rd\assimp\assimp\mesh.h">
      <Filter>Header Files</Filter>
    </ClInclude>
    <ClInclude Include="3rd\assimp\assimp\metadata.h">
      <Filter>Header Files</Filter>
    </ClInclude>
    <ClInclude Include="3rd\assimp\assimp\NullLogger.hpp">
      <Filter>Header Files</Filter>
    </ClInclude>
    <ClInclude Include="3rd\assimp\assimp\ParsingUtils.h">
      <Filter>Header Files</Filter>
    </ClInclude>
    <ClInclude Include="3rd\assimp\assimp\pbrmaterial.h">
      <Filter>Header Files</Filter>
    </ClInclude>
    <ClInclude Include="3rd\assimp\assimp\postprocess.h">
      <Filter>Header Files</Filter>
    </ClInclude>
    <ClInclude Include="3rd\assimp\assimp\Profiler.h">
      <Filter>Header Files</Filter>
    </ClInclude>
    <ClInclude Include="3rd\assimp\assimp\ProgressHandler.hpp">
      <Filter>Header Files</Filter>
    </ClInclude>
    <ClInclude Include="3rd\assimp\assimp\qnan.h">
      <Filter>Header Files</Filter>
    </ClInclude>
    <ClInclude Include="3rd\assimp\assimp\quaternion.h">
      <Filter>Header Files</Filter>
    </ClInclude>
    <ClInclude Include="3rd\assimp\assimp\RemoveComments.h">
      <Filter>Header Files</Filter>
    </ClInclude>
    <ClInclude Include="3rd\assimp\assimp\scene.h">
      <Filter>Header Files</Filter>
    </ClInclude>
    <ClInclude Include="3rd\assimp\assimp\SceneCombiner.h">
      <Filter>Header Files</Filter>
    </ClInclude>
    <ClInclude Include="3rd\assimp\assimp\SGSpatialSort.h">
      <Filter>Header Files</Filter>
    </ClInclude>
    <ClInclude Include="3rd\assimp\assimp\SkeletonMeshBuilder.h">
      <Filter>Header Files</Filter>
    </ClInclude>
    <ClInclude Include="3rd\assimp\assimp\SmoothingGroups.h">
      <Filter>Header Files</Filter>
    </ClInclude>
    <ClInclude Include="3rd\assimp\assimp\SpatialSort.h">
      <Filter>Header Files</Filter>
    </ClInclude>
    <ClInclude Include="3rd\assimp\assimp\StandardShapes.h">
      <Filter>Header Files</Filter>
    </ClInclude>
    <ClInclude Include="3rd\assimp\assimp\StreamReader.h">
      <Filter>Header Files</Filter>
    </ClInclude>
    <ClInclude Include="3rd\assimp\assimp\StreamWriter.h">
      <Filter>Header Files</Filter>
    </ClInclude>
    <ClInclude Include="3rd\assimp\assimp\StringComparison.h">
      <Filter>Header Files</Filter>
    </ClInclude>
    <ClInclude Include="3rd\assimp\assimp\StringUtils.h">
      <Filter>Header Files</Filter>
    </ClInclude>
    <ClInclude Include="3rd\assimp\assimp\Subdivision.h">
      <Filter>Header Files</Filter>
    </ClInclude>
    <ClInclude Include="3rd\assimp\assimp\texture.h">
      <Filter>Header Files</Filter>
    </ClInclude>
    <ClInclude Include="3rd\assimp\assimp\TinyFormatter.h">
      <Filter>Header Files</Filter>
    </ClInclude>
    <ClInclude Include="3rd\assimp\assimp\types.h">
      <Filter>Header Files</Filter>
    </ClInclude>
    <ClInclude Include="3rd\assimp\assimp\vector2.h">
      <Filter>Header Files</Filter>
    </ClInclude>
    <ClInclude Include="3rd\assimp\assimp\vector3.h">
      <Filter>Header Files</Filter>
    </ClInclude>
    <ClInclude Include="3rd\assimp\assimp\version.h">
      <Filter>Header Files</Filter>
    </ClInclude>
    <ClInclude Include="3rd\assimp\assimp\Vertex.h">
      <Filter>Header Files</Filter>
    </ClInclude>
    <ClInclude Include="3rd\assimp\assimp\XMLTools.h">
      <Filter>Header Files</Filter>
    </ClInclude>
    <ClInclude Include="3rd\glm\detail\_features.hpp">
      <Filter>Header Files</Filter>
    </ClInclude>
    <ClInclude Include="3rd\glm\detail\_fixes.hpp">
      <Filter>Header Files</Filter>
    </ClInclude>
    <ClInclude Include="3rd\glm\detail\_noise.hpp">
      <Filter>Header Files</Filter>
    </ClInclude>
    <ClInclude Include="3rd\glm\detail\_swizzle.hpp">
      <Filter>Header Files</Filter>
    </ClInclude>
    <ClInclude Include="3rd\glm\detail\_swizzle_func.hpp">
      <Filter>Header Files</Filter>
    </ClInclude>
    <ClInclude Include="3rd\glm\detail\_vectorize.hpp">
      <Filter>Header Files</Filter>
    </ClInclude>
    <ClInclude Include="3rd\glm\detail\compute_common.hpp">
      <Filter>Header Files</Filter>
    </ClInclude>
    <ClInclude Include="3rd\glm\detail\compute_vector_relational.hpp">
      <Filter>Header Files</Filter>
    </ClInclude>
    <ClInclude Include="3rd\glm\detail\qualifier.hpp">
      <Filter>Header Files</Filter>
    </ClInclude>
    <ClInclude Include="3rd\glm\detail\setup.hpp">
      <Filter>Header Files</Filter>
    </ClInclude>
    <ClInclude Include="3rd\glm\detail\type_float.hpp">
      <Filter>Header Files</Filter>
    </ClInclude>
    <ClInclude Include="3rd\glm\detail\type_half.hpp">
      <Filter>Header Files</Filter>
    </ClInclude>
    <ClInclude Include="3rd\glm\detail\type_mat2x2.hpp">
      <Filter>Header Files</Filter>
    </ClInclude>
    <ClInclude Include="3rd\glm\detail\type_mat2x3.hpp">
      <Filter>Header Files</Filter>
    </ClInclude>
    <ClInclude Include="3rd\glm\detail\type_mat2x4.hpp">
      <Filter>Header Files</Filter>
    </ClInclude>
    <ClInclude Include="3rd\glm\detail\type_mat3x2.hpp">
      <Filter>Header Files</Filter>
    </ClInclude>
    <ClInclude Include="3rd\glm\detail\type_mat3x3.hpp">
      <Filter>Header Files</Filter>
    </ClInclude>
    <ClInclude Include="3rd\glm\detail\type_mat3x4.hpp">
      <Filter>Header Files</Filter>
    </ClInclude>
    <ClInclude Include="3rd\glm\detail\type_mat4x2.hpp">
      <Filter>Header Files</Filter>
    </ClInclude>
    <ClInclude Include="3rd\glm\detail\type_mat4x3.hpp">
      <Filter>Header Files</Filter>
    </ClInclude>
    <ClInclude Include="3rd\glm\detail\type_mat4x4.hpp">
      <Filter>Header Files</Filter>
    </ClInclude>
    <ClInclude Include="3rd\glm\detail\type_quat.hpp">
      <Filter>Header Files</Filter>
    </ClInclude>
    <ClInclude Include="3rd\glm\detail\type_vec1.hpp">
      <Filter>Header Files</Filter>
    </ClInclude>
    <ClInclude Include="3rd\glm\detail\type_vec2.hpp">
      <Filter>Header Files</Filter>
    </ClInclude>
    <ClInclude Include="3rd\glm\detail\type_vec3.hpp">
      <Filter>Header Files</Filter>
    </ClInclude>
    <ClInclude Include="3rd\glm\detail\type_vec4.hpp">
      <Filter>Header Files</Filter>
    </ClInclude>
    <ClInclude Include="3rd\glm\ext\matrix_clip_space.hpp">
      <Filter>Header Files</Filter>
    </ClInclude>
    <ClInclude Include="3rd\glm\ext\matrix_common.hpp">
      <Filter>Header Files</Filter>
    </ClInclude>
    <ClInclude Include="3rd\glm\ext\matrix_double2x2.hpp">
      <Filter>Header Files</Filter>
    </ClInclude>
    <ClInclude Include="3rd\glm\ext\matrix_double2x2_precision.hpp">
      <Filter>Header Files</Filter>
    </ClInclude>
    <ClInclude Include="3rd\glm\ext\matrix_double2x3.hpp">
      <Filter>Header Files</Filter>
    </ClInclude>
    <ClInclude Include="3rd\glm\ext\matrix_double2x3_precision.hpp">
      <Filter>Header Files</Filter>
    </ClInclude>
    <ClInclude Include="3rd\glm\ext\matrix_double2x4.hpp">
      <Filter>Header Files</Filter>
    </ClInclude>
    <ClInclude Include="3rd\glm\ext\matrix_double2x4_precision.hpp">
      <Filter>Header Files</Filter>
    </ClInclude>
    <ClInclude Include="3rd\glm\ext\matrix_double3x2.hpp">
      <Filter>Header Files</Filter>
    </ClInclude>
    <ClInclude Include="3rd\glm\ext\matrix_double3x2_precision.hpp">
      <Filter>Header Files</Filter>
    </ClInclude>
    <ClInclude Include="3rd\glm\ext\matrix_double3x3.hpp">
      <Filter>Header Files</Filter>
    </ClInclude>
    <ClInclude Include="3rd\glm\ext\matrix_double3x3_precision.hpp">
      <Filter>Header Files</Filter>
    </ClInclude>
    <ClInclude Include="3rd\glm\ext\matrix_double3x4.hpp">
      <Filter>Header Files</Filter>
    </ClInclude>
    <ClInclude Include="3rd\glm\ext\matrix_double3x4_precision.hpp">
      <Filter>Header Files</Filter>
    </ClInclude>
    <ClInclude Include="3rd\glm\ext\matrix_double4x2.hpp">
      <Filter>Header Files</Filter>
    </ClInclude>
    <ClInclude Include="3rd\glm\ext\matrix_double4x2_precision.hpp">
      <Filter>Header Files</Filter>
    </ClInclude>
    <ClInclude Include="3rd\glm\ext\matrix_double4x3.hpp">
      <Filter>Header Files</Filter>
    </ClInclude>
    <ClInclude Include="3rd\glm\ext\matrix_double4x3_precision.hpp">
      <Filter>Header Files</Filter>
    </ClInclude>
    <ClInclude Include="3rd\glm\ext\matrix_double4x4.hpp">
      <Filter>Header Files</Filter>
    </ClInclude>
    <ClInclude Include="3rd\glm\ext\matrix_double4x4_precision.hpp">
      <Filter>Header Files</Filter>
    </ClInclude>
    <ClInclude Include="3rd\glm\ext\matrix_float2x2.hpp">
      <Filter>Header Files</Filter>
    </ClInclude>
    <ClInclude Include="3rd\glm\ext\matrix_float2x2_precision.hpp">
      <Filter>Header Files</Filter>
    </ClInclude>
    <ClInclude Include="3rd\glm\ext\matrix_float2x3.hpp">
      <Filter>Header Files</Filter>
    </ClInclude>
    <ClInclude Include="3rd\glm\ext\matrix_float2x3_precision.hpp">
      <Filter>Header Files</Filter>
    </ClInclude>
    <ClInclude Include="3rd\glm\ext\matrix_float2x4.hpp">
      <Filter>Header Files</Filter>
    </ClInclude>
    <ClInclude Include="3rd\glm\ext\matrix_float2x4_precision.hpp">
      <Filter>Header Files</Filter>
    </ClInclude>
    <ClInclude Include="3rd\glm\ext\matrix_float3x2.hpp">
      <Filter>Header Files</Filter>
    </ClInclude>
    <ClInclude Include="3rd\glm\ext\matrix_float3x2_precision.hpp">
      <Filter>Header Files</Filter>
    </ClInclude>
    <ClInclude Include="3rd\glm\ext\matrix_float3x3.hpp">
      <Filter>Header Files</Filter>
    </ClInclude>
    <ClInclude Include="3rd\glm\ext\matrix_float3x3_precision.hpp">
      <Filter>Header Files</Filter>
    </ClInclude>
    <ClInclude Include="3rd\glm\ext\matrix_float3x4.hpp">
      <Filter>Header Files</Filter>
    </ClInclude>
    <ClInclude Include="3rd\glm\ext\matrix_float3x4_precision.hpp">
      <Filter>Header Files</Filter>
    </ClInclude>
    <ClInclude Include="3rd\glm\ext\matrix_float4x2.hpp">
      <Filter>Header Files</Filter>
    </ClInclude>
    <ClInclude Include="3rd\glm\ext\matrix_float4x2_precision.hpp">
      <Filter>Header Files</Filter>
    </ClInclude>
    <ClInclude Include="3rd\glm\ext\matrix_float4x3.hpp">
      <Filter>Header Files</Filter>
    </ClInclude>
    <ClInclude Include="3rd\glm\ext\matrix_float4x3_precision.hpp">
      <Filter>Header Files</Filter>
    </ClInclude>
    <ClInclude Include="3rd\glm\ext\matrix_float4x4.hpp">
      <Filter>Header Files</Filter>
    </ClInclude>
    <ClInclude Include="3rd\glm\ext\matrix_float4x4_precision.hpp">
      <Filter>Header Files</Filter>
    </ClInclude>
    <ClInclude Include="3rd\glm\ext\matrix_int2x2.hpp">
      <Filter>Header Files</Filter>
    </ClInclude>
    <ClInclude Include="3rd\glm\ext\matrix_int2x2_sized.hpp">
      <Filter>Header Files</Filter>
    </ClInclude>
    <ClInclude Include="3rd\glm\ext\matrix_int2x3.hpp">
      <Filter>Header Files</Filter>
    </ClInclude>
    <ClInclude Include="3rd\glm\ext\matrix_int2x3_sized.hpp">
      <Filter>Header Files</Filter>
    </ClInclude>
    <ClInclude Include="3rd\glm\ext\matrix_int2x4.hpp">
      <Filter>Header Files</Filter>
    </ClInclude>
    <ClInclude Include="3rd\glm\ext\matrix_int2x4_sized.hpp">
      <Filter>Header Files</Filter>
    </ClInclude>
    <ClInclude Include="3rd\glm\ext\matrix_int3x2.hpp">
      <Filter>Header Files</Filter>
    </ClInclude>
    <ClInclude Include="3rd\glm\ext\matrix_int3x2_sized.hpp">
      <Filter>Header Files</Filter>
    </ClInclude>
    <ClInclude Include="3rd\glm\ext\matrix_int3x3.hpp">
      <Filter>Header Files</Filter>
    </ClInclude>
    <ClInclude Include="3rd\glm\ext\matrix_int3x3_sized.hpp">
      <Filter>Header Files</Filter>
    </ClInclude>
    <ClInclude Include="3rd\glm\ext\matrix_int3x4.hpp">
      <Filter>Header Files</Filter>
    </ClInclude>
    <ClInclude Include="3rd\glm\ext\matrix_int3x4_sized.hpp">
      <Filter>Header Files</Filter>
    </ClInclude>
    <ClInclude Include="3rd\glm\ext\matrix_int4x2.hpp">
      <Filter>Header Files</Filter>
    </ClInclude>
    <ClInclude Include="3rd\glm\ext\matrix_int4x2_sized.hpp">
      <Filter>Header Files</Filter>
    </ClInclude>
    <ClInclude Include="3rd\glm\ext\matrix_int4x3.hpp">
      <Filter>Header Files</Filter>
    </ClInclude>
    <ClInclude Include="3rd\glm\ext\matrix_int4x3_sized.hpp">
      <Filter>Header Files</Filter>
    </ClInclude>
    <ClInclude Include="3rd\glm\ext\matrix_int4x4.hpp">
      <Filter>Header Files</Filter>
    </ClInclude>
    <ClInclude Include="3rd\glm\ext\matrix_int4x4_sized.hpp">
      <Filter>Header Files</Filter>
    </ClInclude>
    <ClInclude Include="3rd\glm\ext\matrix_projection.hpp">
      <Filter>Header Files</Filter>
    </ClInclude>
    <ClInclude Include="3rd\glm\ext\matrix_relational.hpp">
      <Filter>Header Files</Filter>
    </ClInclude>
    <ClInclude Include="3rd\glm\ext\matrix_transform.hpp">
      <Filter>Header Files</Filter>
    </ClInclude>
    <ClInclude Include="3rd\glm\ext\matrix_uint2x2.hpp">
      <Filter>Header Files</Filter>
    </ClInclude>
    <ClInclude Include="3rd\glm\ext\matrix_uint2x2_sized.hpp">
      <Filter>Header Files</Filter>
    </ClInclude>
    <ClInclude Include="3rd\glm\ext\matrix_uint2x3.hpp">
      <Filter>Header Files</Filter>
    </ClInclude>
    <ClInclude Include="3rd\glm\ext\matrix_uint2x3_sized.hpp">
      <Filter>Header Files</Filter>
    </ClInclude>
    <ClInclude Include="3rd\glm\ext\matrix_uint2x4.hpp">
      <Filter>Header Files</Filter>
    </ClInclude>
    <ClInclude Include="3rd\glm\ext\matrix_uint2x4_sized.hpp">
      <Filter>Header Files</Filter>
    </ClInclude>
    <ClInclude Include="3rd\glm\ext\matrix_uint3x2.hpp">
      <Filter>Header Files</Filter>
    </ClInclude>
    <ClInclude Include="3rd\glm\ext\matrix_uint3x2_sized.hpp">
      <Filter>Header Files</Filter>
    </ClInclude>
    <ClInclude Include="3rd\glm\ext\matrix_uint3x3.hpp">
      <Filter>Header Files</Filter>
    </ClInclude>
    <ClInclude Include="3rd\glm\ext\matrix_uint3x3_sized.hpp">
      <Filter>Header Files</Filter>
    </ClInclude>
    <ClInclude Include="3rd\glm\ext\matrix_uint3x4.hpp">
      <Filter>Header Files</Filter>
    </ClInclude>
    <ClInclude Include="3rd\glm\ext\matrix_uint3x4_sized.hpp">
      <Filter>Header Files</Filter>
    </ClInclude>
    <ClInclude Include="3rd\glm\ext\matrix_uint4x2.hpp">
      <Filter>Header Files</Filter>
    </ClInclude>
    <ClInclude Include="3rd\glm\ext\matrix_uint4x2_sized.hpp">
      <Filter>Header Files</Filter>
    </ClInclude>
    <ClInclude Include="3rd\glm\ext\matrix_uint4x3.hpp">
      <Filter>Header Files</Filter>
    </ClInclude>
    <ClInclude Include="3rd\glm\ext\matrix_uint4x3_sized.hpp">
      <Filter>Header Files</Filter>
    </ClInclude>
    <ClInclude Include="3rd\glm\ext\matrix_uint4x4.hpp">
      <Filter>Header Files</Filter>
    </ClInclude>
    <ClInclude Include="3rd\glm\ext\matrix_uint4x4_sized.hpp">
      <Filter>Header Files</Filter>
    </ClInclude>
    <ClInclude Include="3rd\glm\ext\quaternion_common.hpp">
      <Filter>Header Files</Filter>
    </ClInclude>
    <ClInclude Include="3rd\glm\ext\quaternion_double.hpp">
      <Filter>Header Files</Filter>
    </ClInclude>
    <ClInclude Include="3rd\glm\ext\quaternion_double_precision.hpp">
      <Filter>Header Files</Filter>
    </ClInclude>
    <ClInclude Include="3rd\glm\ext\quaternion_exponential.hpp">
      <Filter>Header Files</Filter>
    </ClInclude>
    <ClInclude Include="3rd\glm\ext\quaternion_float.hpp">
      <Filter>Header Files</Filter>
    </ClInclude>
    <ClInclude Include="3rd\glm\ext\quaternion_float_precision.hpp">
      <Filter>Header Files</Filter>
    </ClInclude>
    <ClInclude Include="3rd\glm\ext\quaternion_geometric.hpp">
      <Filter>Header Files</Filter>
    </ClInclude>
    <ClInclude Include="3rd\glm\ext\quaternion_relational.hpp">
      <Filter>Header Files</Filter>
    </ClInclude>
    <ClInclude Include="3rd\glm\ext\quaternion_transform.hpp">
      <Filter>Header Files</Filter>
    </ClInclude>
    <ClInclude Include="3rd\glm\ext\quaternion_trigonometric.hpp">
      <Filter>Header Files</Filter>
    </ClInclude>
    <ClInclude Include="3rd\glm\ext\scalar_common.hpp">
      <Filter>Header Files</Filter>
    </ClInclude>
    <ClInclude Include="3rd\glm\ext\scalar_constants.hpp">
      <Filter>Header Files</Filter>
    </ClInclude>
    <ClInclude Include="3rd\glm\ext\scalar_int_sized.hpp">
      <Filter>Header Files</Filter>
    </ClInclude>
    <ClInclude Include="3rd\glm\ext\scalar_integer.hpp">
      <Filter>Header Files</Filter>
    </ClInclude>
    <ClInclude Include="3rd\glm\ext\scalar_packing.hpp">
      <Filter>Header Files</Filter>
    </ClInclude>
    <ClInclude Include="3rd\glm\ext\scalar_relational.hpp">
      <Filter>Header Files</Filter>
    </ClInclude>
    <ClInclude Include="3rd\glm\ext\scalar_uint_sized.hpp">
      <Filter>Header Files</Filter>
    </ClInclude>
    <ClInclude Include="3rd\glm\ext\scalar_ulp.hpp">
      <Filter>Header Files</Filter>
    </ClInclude>
    <ClInclude Include="3rd\glm\ext\vector_bool1.hpp">
      <Filter>Header Files</Filter>
    </ClInclude>
    <ClInclude Include="3rd\glm\ext\vector_bool1_precision.hpp">
      <Filter>Header Files</Filter>
    </ClInclude>
    <ClInclude Include="3rd\glm\ext\vector_bool2.hpp">
      <Filter>Header Files</Filter>
    </ClInclude>
    <ClInclude Include="3rd\glm\ext\vector_bool2_precision.hpp">
      <Filter>Header Files</Filter>
    </ClInclude>
    <ClInclude Include="3rd\glm\ext\vector_bool3.hpp">
      <Filter>Header Files</Filter>
    </ClInclude>
    <ClInclude Include="3rd\glm\ext\vector_bool3_precision.hpp">
      <Filter>Header Files</Filter>
    </ClInclude>
    <ClInclude Include="3rd\glm\ext\vector_bool4.hpp">
      <Filter>Header Files</Filter>
    </ClInclude>
    <ClInclude Include="3rd\glm\ext\vector_bool4_precision.hpp">
      <Filter>Header Files</Filter>
    </ClInclude>
    <ClInclude Include="3rd\glm\ext\vector_common.hpp">
      <Filter>Header Files</Filter>
    </ClInclude>
    <ClInclude Include="3rd\glm\ext\vector_double1.hpp">
      <Filter>Header Files</Filter>
    </ClInclude>
    <ClInclude Include="3rd\glm\ext\vector_double1_precision.hpp">
      <Filter>Header Files</Filter>
    </ClInclude>
    <ClInclude Include="3rd\glm\ext\vector_double2.hpp">
      <Filter>Header Files</Filter>
    </ClInclude>
    <ClInclude Include="3rd\glm\ext\vector_double2_precision.hpp">
      <Filter>Header Files</Filter>
    </ClInclude>
    <ClInclude Include="3rd\glm\ext\vector_double3.hpp">
      <Filter>Header Files</Filter>
    </ClInclude>
    <ClInclude Include="3rd\glm\ext\vector_double3_precision.hpp">
      <Filter>Header Files</Filter>
    </ClInclude>
    <ClInclude Include="3rd\glm\ext\vector_double4.hpp">
      <Filter>Header Files</Filter>
    </ClInclude>
    <ClInclude Include="3rd\glm\ext\vector_double4_precision.hpp">
      <Filter>Header Files</Filter>
    </ClInclude>
    <ClInclude Include="3rd\glm\ext\vector_float1.hpp">
      <Filter>Header Files</Filter>
    </ClInclude>
    <ClInclude Include="3rd\glm\ext\vector_float1_precision.hpp">
      <Filter>Header Files</Filter>
    </ClInclude>
    <ClInclude Include="3rd\glm\ext\vector_float2.hpp">
      <Filter>Header Files</Filter>
    </ClInclude>
    <ClInclude Include="3rd\glm\ext\vector_float2_precision.hpp">
      <Filter>Header Files</Filter>
    </ClInclude>
    <ClInclude Include="3rd\glm\ext\vector_float3.hpp">
      <Filter>Header Files</Filter>
    </ClInclude>
    <ClInclude Include="3rd\glm\ext\vector_float3_precision.hpp">
      <Filter>Header Files</Filter>
    </ClInclude>
    <ClInclude Include="3rd\glm\ext\vector_float4.hpp">
      <Filter>Header Files</Filter>
    </ClInclude>
    <ClInclude Include="3rd\glm\ext\vector_float4_precision.hpp">
      <Filter>Header Files</Filter>
    </ClInclude>
    <ClInclude Include="3rd\glm\ext\vector_int1.hpp">
      <Filter>Header Files</Filter>
    </ClInclude>
    <ClInclude Include="3rd\glm\ext\vector_int1_sized.hpp">
      <Filter>Header Files</Filter>
    </ClInclude>
    <ClInclude Include="3rd\glm\ext\vector_int2.hpp">
      <Filter>Header Files</Filter>
    </ClInclude>
    <ClInclude Include="3rd\glm\ext\vector_int2_sized.hpp">
      <Filter>Header Files</Filter>
    </ClInclude>
    <ClInclude Include="3rd\glm\ext\vector_int3.hpp">
      <Filter>Header Files</Filter>
    </ClInclude>
    <ClInclude Include="3rd\glm\ext\vector_int3_sized.hpp">
      <Filter>Header Files</Filter>
    </ClInclude>
    <ClInclude Include="3rd\glm\ext\vector_int4.hpp">
      <Filter>Header Files</Filter>
    </ClInclude>
    <ClInclude Include="3rd\glm\ext\vector_int4_sized.hpp">
      <Filter>Header Files</Filter>
    </ClInclude>
    <ClInclude Include="3rd\glm\ext\vector_integer.hpp">
      <Filter>Header Files</Filter>
    </ClInclude>
    <ClInclude Include="3rd\glm\ext\vector_packing.hpp">
      <Filter>Header Files</Filter>
    </ClInclude>
    <ClInclude Include="3rd\glm\ext\vector_relational.hpp">
      <Filter>Header Files</Filter>
    </ClInclude>
    <ClInclude Include="3rd\glm\ext\vector_uint1.hpp">
      <Filter>Header Files</Filter>
    </ClInclude>
    <ClInclude Include="3rd\glm\ext\vector_uint1_sized.hpp">
      <Filter>Header Files</Filter>
    </ClInclude>
    <ClInclude Include="3rd\glm\ext\vector_uint2.hpp">
      <Filter>Header Files</Filter>
    </ClInclude>
    <ClInclude Include="3rd\glm\ext\vector_uint2_sized.hpp">
      <Filter>Header Files</Filter>
    </ClInclude>
    <ClInclude Include="3rd\glm\ext\vector_uint3.hpp">
      <Filter>Header Files</Filter>
    </ClInclude>
    <ClInclude Include="3rd\glm\ext\vector_uint3_sized.hpp">
      <Filter>Header Files</Filter>
    </ClInclude>
    <ClInclude Include="3rd\glm\ext\vector_uint4.hpp">
      <Filter>Header Files</Filter>
    </ClInclude>
    <ClInclude Include="3rd\glm\ext\vector_uint4_sized.hpp">
      <Filter>Header Files</Filter>
    </ClInclude>
    <ClInclude Include="3rd\glm\ext\vector_ulp.hpp">
      <Filter>Header Files</Filter>
    </ClInclude>
    <ClInclude Include="3rd\glm\gtc\bitfield.hpp">
      <Filter>Header Files</Filter>
    </ClInclude>
    <ClInclude Include="3rd\glm\gtc\color_space.hpp">
      <Filter>Header Files</Filter>
    </ClInclude>
    <ClInclude Include="3rd\glm\gtc\constants.hpp">
      <Filter>Header Files</Filter>
    </ClInclude>
    <ClInclude Include="3rd\glm\gtc\epsilon.hpp">
      <Filter>Header Files</Filter>
    </ClInclude>
    <ClInclude Include="3rd\glm\gtc\integer.hpp">
      <Filter>Header Files</Filter>
    </ClInclude>
    <ClInclude Include="3rd\glm\gtc\matrix_access.hpp">
      <Filter>Header Files</Filter>
    </ClInclude>
    <ClInclude Include="3rd\glm\gtc\matrix_integer.hpp">
      <Filter>Header Files</Filter>
    </ClInclude>
    <ClInclude Include="3rd\glm\gtc\matrix_inverse.hpp">
      <Filter>Header Files</Filter>
    </ClInclude>
    <ClInclude Include="3rd\glm\gtc\matrix_transform.hpp">
      <Filter>Header Files</Filter>
    </ClInclude>
    <ClInclude Include="3rd\glm\gtc\noise.hpp">
      <Filter>Header Files</Filter>
    </ClInclude>
    <ClInclude Include="3rd\glm\gtc\packing.hpp">
      <Filter>Header Files</Filter>
    </ClInclude>
    <ClInclude Include="3rd\glm\gtc\quaternion.hpp">
      <Filter>Header Files</Filter>
    </ClInclude>
    <ClInclude Include="3rd\glm\gtc\random.hpp">
      <Filter>Header Files</Filter>
    </ClInclude>
    <ClInclude Include="3rd\glm\gtc\reciprocal.hpp">
      <Filter>Header Files</Filter>
    </ClInclude>
    <ClInclude Include="3rd\glm\gtc\round.hpp">
      <Filter>Header Files</Filter>
    </ClInclude>
    <ClInclude Include="3rd\glm\gtc\type_aligned.hpp">
      <Filter>Header Files</Filter>
    </ClInclude>
    <ClInclude Include="3rd\glm\gtc\type_precision.hpp">
      <Filter>Header Files</Filter>
    </ClInclude>
    <ClInclude Include="3rd\glm\gtc\type_ptr.hpp">
      <Filter>Header Files</Filter>
    </ClInclude>
    <ClInclude Include="3rd\glm\gtc\ulp.hpp">
      <Filter>Header Files</Filter>
    </ClInclude>
    <ClInclude Include="3rd\glm\gtc\vec1.hpp">
      <Filter>Header Files</Filter>
    </ClInclude>
    <ClInclude Include="3rd\glm\gtx\associated_min_max.hpp">
      <Filter>Header Files</Filter>
    </ClInclude>
    <ClInclude Include="3rd\glm\gtx\bit.hpp">
      <Filter>Header Files</Filter>
    </ClInclude>
    <ClInclude Include="3rd\glm\gtx\closest_point.hpp">
      <Filter>Header Files</Filter>
    </ClInclude>
    <ClInclude Include="3rd\glm\gtx\color_encoding.hpp">
      <Filter>Header Files</Filter>
    </ClInclude>
    <ClInclude Include="3rd\glm\gtx\color_space.hpp">
      <Filter>Header Files</Filter>
    </ClInclude>
    <ClInclude Include="3rd\glm\gtx\color_space_YCoCg.hpp">
      <Filter>Header Files</Filter>
    </ClInclude>
    <ClInclude Include="3rd\glm\gtx\common.hpp">
      <Filter>Header Files</Filter>
    </ClInclude>
    <ClInclude Include="3rd\glm\gtx\compatibility.hpp">
      <Filter>Header Files</Filter>
    </ClInclude>
    <ClInclude Include="3rd\glm\gtx\component_wise.hpp">
      <Filter>Header Files</Filter>
    </ClInclude>
    <ClInclude Include="3rd\glm\gtx\dual_quaternion.hpp">
      <Filter>Header Files</Filter>
    </ClInclude>
    <ClInclude Include="3rd\glm\gtx\easing.hpp">
      <Filter>Header Files</Filter>
    </ClInclude>
    <ClInclude Include="3rd\glm\gtx\euler_angles.hpp">
      <Filter>Header Files</Filter>
    </ClInclude>
    <ClInclude Include="3rd\glm\gtx\extend.hpp">
      <Filter>Header Files</Filter>
    </ClInclude>
    <ClInclude Include="3rd\glm\gtx\extended_min_max.hpp">
      <Filter>Header Files</Filter>
    </ClInclude>
    <ClInclude Include="3rd\glm\gtx\exterior_product.hpp">
      <Filter>Header Files</Filter>
    </ClInclude>
    <ClInclude Include="3rd\glm\gtx\fast_exponential.hpp">
      <Filter>Header Files</Filter>
    </ClInclude>
    <ClInclude Include="3rd\glm\gtx\fast_square_root.hpp">
      <Filter>Header Files</Filter>
    </ClInclude>
    <ClInclude Include="3rd\glm\gtx\fast_trigonometry.hpp">
      <Filter>Header Files</Filter>
    </ClInclude>
    <ClInclude Include="3rd\glm\gtx\functions.hpp">
      <Filter>Header Files</Filter>
    </ClInclude>
    <ClInclude Include="3rd\glm\gtx\gradient_paint.hpp">
      <Filter>Header Files</Filter>
    </ClInclude>
    <ClInclude Include="3rd\glm\gtx\handed_coordinate_space.hpp">
      <Filter>Header Files</Filter>
    </ClInclude>
    <ClInclude Include="3rd\glm\gtx\hash.hpp">
      <Filter>Header Files</Filter>
    </ClInclude>
    <ClInclude Include="3rd\glm\gtx\integer.hpp">
      <Filter>Header Files</Filter>
    </ClInclude>
    <ClInclude Include="3rd\glm\gtx\intersect.hpp">
      <Filter>Header Files</Filter>
    </ClInclude>
    <ClInclude Include="3rd\glm\gtx\io.hpp">
      <Filter>Header Files</Filter>
    </ClInclude>
    <ClInclude Include="3rd\glm\gtx\log_base.hpp">
      <Filter>Header Files</Filter>
    </ClInclude>
    <ClInclude Include="3rd\glm\gtx\matrix_cross_product.hpp">
      <Filter>Header Files</Filter>
    </ClInclude>
    <ClInclude Include="3rd\glm\gtx\matrix_decompose.hpp">
      <Filter>Header Files</Filter>
    </ClInclude>
    <ClInclude Include="3rd\glm\gtx\matrix_factorisation.hpp">
      <Filter>Header Files</Filter>
    </ClInclude>
    <ClInclude Include="3rd\glm\gtx\matrix_interpolation.hpp">
      <Filter>Header Files</Filter>
    </ClInclude>
    <ClInclude Include="3rd\glm\gtx\matrix_major_storage.hpp">
      <Filter>Header Files</Filter>
    </ClInclude>
    <ClInclude Include="3rd\glm\gtx\matrix_operation.hpp">
      <Filter>Header Files</Filter>
    </ClInclude>
    <ClInclude Include="3rd\glm\gtx\matrix_query.hpp">
      <Filter>Header Files</Filter>
    </ClInclude>
    <ClInclude Include="3rd\glm\gtx\matrix_transform_2d.hpp">
      <Filter>Header Files</Filter>
    </ClInclude>
    <ClInclude Include="3rd\glm\gtx\mixed_product.hpp">
      <Filter>Header Files</Filter>
    </ClInclude>
    <ClInclude Include="3rd\glm\gtx\norm.hpp">
      <Filter>Header Files</Filter>
    </ClInclude>
    <ClInclude Include="3rd\glm\gtx\normal.hpp">
      <Filter>Header Files</Filter>
    </ClInclude>
    <ClInclude Include="3rd\glm\gtx\normalize_dot.hpp">
      <Filter>Header Files</Filter>
    </ClInclude>
    <ClInclude Include="3rd\glm\gtx\number_precision.hpp">
      <Filter>Header Files</Filter>
    </ClInclude>
    <ClInclude Include="3rd\glm\gtx\optimum_pow.hpp">
      <Filter>Header Files</Filter>
    </ClInclude>
    <ClInclude Include="3rd\glm\gtx\orthonormalize.hpp">
      <Filter>Header Files</Filter>
    </ClInclude>
    <ClInclude Include="3rd\glm\gtx\perpendicular.hpp">
      <Filter>Header Files</Filter>
    </ClInclude>
    <ClInclude Include="3rd\glm\gtx\polar_coordinates.hpp">
      <Filter>Header Files</Filter>
    </ClInclude>
    <ClInclude Include="3rd\glm\gtx\projection.hpp">
      <Filter>Header Files</Filter>
    </ClInclude>
    <ClInclude Include="3rd\glm\gtx\quaternion.hpp">
      <Filter>Header Files</Filter>
    </ClInclude>
    <ClInclude Include="3rd\glm\gtx\range.hpp">
      <Filter>Header Files</Filter>
    </ClInclude>
    <ClInclude Include="3rd\glm\gtx\raw_data.hpp">
      <Filter>Header Files</Filter>
    </ClInclude>
    <ClInclude Include="3rd\glm\gtx\rotate_normalized_axis.hpp">
      <Filter>Header Files</Filter>
    </ClInclude>
    <ClInclude Include="3rd\glm\gtx\rotate_vector.hpp">
      <Filter>Header Files</Filter>
    </ClInclude>
    <ClInclude Include="3rd\glm\gtx\scalar_multiplication.hpp">
      <Filter>Header Files</Filter>
    </ClInclude>
    <ClInclude Include="3rd\glm\gtx\scalar_relational.hpp">
      <Filter>Header Files</Filter>
    </ClInclude>
    <ClInclude Include="3rd\glm\gtx\spline.hpp">
      <Filter>Header Files</Filter>
    </ClInclude>
    <ClInclude Include="3rd\glm\gtx\std_based_type.hpp">
      <Filter>Header Files</Filter>
    </ClInclude>
    <ClInclude Include="3rd\glm\gtx\string_cast.hpp">
      <Filter>Header Files</Filter>
    </ClInclude>
    <ClInclude Include="3rd\glm\gtx\texture.hpp">
      <Filter>Header Files</Filter>
    </ClInclude>
    <ClInclude Include="3rd\glm\gtx\transform.hpp">
      <Filter>Header Files</Filter>
    </ClInclude>
    <ClInclude Include="3rd\glm\gtx\transform2.hpp">
      <Filter>Header Files</Filter>
    </ClInclude>
    <ClInclude Include="3rd\glm\gtx\type_aligned.hpp">
      <Filter>Header Files</Filter>
    </ClInclude>
    <ClInclude Include="3rd\glm\gtx\type_trait.hpp">
      <Filter>Header Files</Filter>
    </ClInclude>
    <ClInclude Include="3rd\glm\gtx\vec_swizzle.hpp">
      <Filter>Header Files</Filter>
    </ClInclude>
    <ClInclude Include="3rd\glm\gtx\vector_angle.hpp">
      <Filter>Header Files</Filter>
    </ClInclude>
    <ClInclude Include="3rd\glm\gtx\vector_query.hpp">
      <Filter>Header Files</Filter>
    </ClInclude>
    <ClInclude Include="3rd\glm\gtx\wrap.hpp">
      <Filter>Header Files</Filter>
    </ClInclude>
    <ClInclude Include="3rd\glm\simd\common.h">
      <Filter>Header Files</Filter>
    </ClInclude>
    <ClInclude Include="3rd\glm\simd\exponential.h">
      <Filter>Header Files</Filter>
    </ClInclude>
    <ClInclude Include="3rd\glm\simd\geometric.h">
      <Filter>Header Files</Filter>
    </ClInclude>
    <ClInclude Include="3rd\glm\simd\integer.h">
      <Filter>Header Files</Filter>
    </ClInclude>
    <ClInclude Include="3rd\glm\simd\matrix.h">
      <Filter>Header Files</Filter>
    </ClInclude>
    <ClInclude Include="3rd\glm\simd\neon.h">
      <Filter>Header Files</Filter>
    </ClInclude>
    <ClInclude Include="3rd\glm\simd\packing.h">
      <Filter>Header Files</Filter>
    </ClInclude>
    <ClInclude Include="3rd\glm\simd\platform.h">
      <Filter>Header Files</Filter>
    </ClInclude>
    <ClInclude Include="3rd\glm\simd\trigonometric.h">
      <Filter>Header Files</Filter>
    </ClInclude>
    <ClInclude Include="3rd\glm\simd\vector_relational.h">
      <Filter>Header Files</Filter>
    </ClInclude>
    <ClInclude Include="3rd\glm\common.hpp">
      <Filter>Header Files</Filter>
    </ClInclude>
    <ClInclude Include="3rd\glm\exponential.hpp">
      <Filter>Header Files</Filter>
    </ClInclude>
    <ClInclude Include="3rd\glm\ext.hpp">
      <Filter>Header Files</Filter>
    </ClInclude>
    <ClInclude Include="3rd\glm\fwd.hpp">
      <Filter>Header Files</Filter>
    </ClInclude>
    <ClInclude Include="3rd\glm\geometric.hpp">
      <Filter>Header Files</Filter>
    </ClInclude>
    <ClInclude Include="3rd\glm\glm.hpp">
      <Filter>Header Files</Filter>
    </ClInclude>
    <ClInclude Include="3rd\glm\integer.hpp">
      <Filter>Header Files</Filter>
    </ClInclude>
    <ClInclude Include="3rd\glm\mat2x2.hpp">
      <Filter>Header Files</Filter>
    </ClInclude>
    <ClInclude Include="3rd\glm\mat2x3.hpp">
      <Filter>Header Files</Filter>
    </ClInclude>
    <ClInclude Include="3rd\glm\mat2x4.hpp">
      <Filter>Header Files</Filter>
    </ClInclude>
    <ClInclude Include="3rd\glm\mat3x2.hpp">
      <Filter>Header Files</Filter>
    </ClInclude>
    <ClInclude Include="3rd\glm\mat3x3.hpp">
      <Filter>Header Files</Filter>
    </ClInclude>
    <ClInclude Include="3rd\glm\mat3x4.hpp">
      <Filter>Header Files</Filter>
    </ClInclude>
    <ClInclude Include="3rd\glm\mat4x2.hpp">
      <Filter>Header Files</Filter>
    </ClInclude>
    <ClInclude Include="3rd\glm\mat4x3.hpp">
      <Filter>Header Files</Filter>
    </ClInclude>
    <ClInclude Include="3rd\glm\mat4x4.hpp">
      <Filter>Header Files</Filter>
    </ClInclude>
    <ClInclude Include="3rd\glm\matrix.hpp">
      <Filter>Header Files</Filter>
    </ClInclude>
    <ClInclude Include="3rd\glm\packing.hpp">
      <Filter>Header Files</Filter>
    </ClInclude>
    <ClInclude Include="3rd\glm\trigonometric.hpp">
      <Filter>Header Files</Filter>
    </ClInclude>
    <ClInclude Include="3rd\glm\vec2.hpp">
      <Filter>Header Files</Filter>
    </ClInclude>
    <ClInclude Include="3rd\glm\vec3.hpp">
      <Filter>Header Files</Filter>
    </ClInclude>
    <ClInclude Include="3rd\glm\vec4.hpp">
      <Filter>Header Files</Filter>
    </ClInclude>
    <ClInclude Include="3rd\glm\vector_relational.hpp">
      <Filter>Header Files</Filter>
    </ClInclude>
    <ClInclude Include="src\Model\mesh.h">
      <Filter>Header Files</Filter>
    </ClInclude>
    <ClInclude Include="src\Model\model.h">
      <Filter>Header Files</Filter>
    </ClInclude>
    <ClInclude Include="src\Model\fileManager.h">
      <Filter>Header Files</Filter>
    </ClInclude>
    <ClInclude Include="src\Model\HBE_texture.h">
      <Filter>Header Files</Filter>
    </ClInclude>
    <ClInclude Include="src\Graphics\ComputeShader.h">
      <Filter>Header Files</Filter>
    </ClInclude>
    <ClInclude Include="src\Graphics\CubeTextureMap.h">
      <Filter>Header Files</Filter>
    </ClInclude>
    <ClInclude Include="src\Graphics\DepthBuffer.h">
      <Filter>Header Files</Filter>
    </ClInclude>
    <ClInclude Include="src\Graphics\Fps.h">
      <Filter>Header Files</Filter>
    </ClInclude>
    <ClInclude Include="src\Graphics\Framebuffer.h">
      <Filter>Header Files</Filter>
    </ClInclude>
    <ClInclude Include="src\Graphics\IndexBuffer.h">
      <Filter>Header Files</Filter>
    </ClInclude>
    <ClInclude Include="src\Graphics\Logger.h">
      <Filter>Header Files</Filter>
    </ClInclude>
    <ClInclude Include="src\Graphics\Shader.h">
      <Filter>Header Files</Filter>
    </ClInclude>
    <ClInclude Include="src\Graphics\stb_image.h">
      <Filter>Header Files</Filter>
    </ClInclude>
    <ClInclude Include="src\Graphics\Texture.h">
      <Filter>Header Files</Filter>
    </ClInclude>
    <ClInclude Include="src\Graphics\TextureArray.h">
      <Filter>Header Files</Filter>
    </ClInclude>
    <ClInclude Include="src\Graphics\VertexArray.h">
      <Filter>Header Files</Filter>
    </ClInclude>
    <ClInclude Include="src\Graphics\VertexBuffer.h">
      <Filter>Header Files</Filter>
    </ClInclude>
    <ClInclude Include="3rd\assimp\include\assimp\Compiler\poppack1.h">
      <Filter>Header Files</Filter>
    </ClInclude>
    <ClInclude Include="3rd\assimp\include\assimp\Compiler\pstdint.h">
      <Filter>Header Files</Filter>
    </ClInclude>
    <ClInclude Include="3rd\assimp\include\assimp\Compiler\pushpack1.h">
      <Filter>Header Files</Filter>
    </ClInclude>
    <ClInclude Include="3rd\assimp\include\assimp\port\AndroidJNI\AndroidJNIIOSystem.h">
      <Filter>Header Files</Filter>
    </ClInclude>
    <ClInclude Include="3rd\assimp\include\assimp\aabb.h">
      <Filter>Header Files</Filter>
    </ClInclude>
    <ClInclude Include="3rd\assimp\include\assimp\ai_assert.h">
      <Filter>Header Files</Filter>
    </ClInclude>
    <ClInclude Include="3rd\assimp\include\assimp\anim.h">
      <Filter>Header Files</Filter>
    </ClInclude>
    <ClInclude Include="3rd\assimp\include\assimp\BaseImporter.h">
      <Filter>Header Files</Filter>
    </ClInclude>
    <ClInclude Include="3rd\assimp\include\assimp\Bitmap.h">
      <Filter>Header Files</Filter>
    </ClInclude>
    <ClInclude Include="3rd\assimp\include\assimp\BlobIOSystem.h">
      <Filter>Header Files</Filter>
    </ClInclude>
    <ClInclude Include="3rd\assimp\include\assimp\ByteSwapper.h">
      <Filter>Header Files</Filter>
    </ClInclude>
    <ClInclude Include="3rd\assimp\include\assimp\camera.h">
      <Filter>Header Files</Filter>
    </ClInclude>
    <ClInclude Include="3rd\assimp\include\assimp\cexport.h">
      <Filter>Header Files</Filter>
    </ClInclude>
    <ClInclude Include="3rd\assimp\include\assimp\cfileio.h">
      <Filter>Header Files</Filter>
    </ClInclude>
    <ClInclude Include="3rd\assimp\include\assimp\cimport.h">
      <Filter>Header Files</Filter>
    </ClInclude>
    <ClInclude Include="3rd\assimp\include\assimp\color4.h">
      <Filter>Header Files</Filter>
    </ClInclude>
    <ClInclude Include="3rd\assimp\include\assimp\config.h">
      <Filter>Header Files</Filter>
    </ClInclude>
    <ClInclude Include="3rd\assimp\include\assimp\CreateAnimMesh.h">
      <Filter>Header Files</Filter>
    </ClInclude>
    <ClInclude Include="3rd\assimp\include\assimp\DefaultIOStream.h">
      <Filter>Header Files</Filter>
    </ClInclude>
    <ClInclude Include="3rd\assimp\include\assimp\DefaultIOSystem.h">
      <Filter>Header Files</Filter>
    </ClInclude>
    <ClInclude Include="3rd\assimp\include\assimp\DefaultLogger.hpp">
      <Filter>Header Files</Filter>
    </ClInclude>
    <ClInclude Include="3rd\assimp\include\assimp\Defines.h">
      <Filter>Header Files</Filter>
    </ClInclude>
    <ClInclude Include="3rd\assimp\include\assimp\defs.h">
      <Filter>Header Files</Filter>
    </ClInclude>
    <ClInclude Include="3rd\assimp\include\assimp\Exceptional.h">
      <Filter>Header Files</Filter>
    </ClInclude>
    <ClInclude Include="3rd\assimp\include\assimp\Exporter.hpp">
      <Filter>Header Files</Filter>
    </ClInclude>
    <ClInclude Include="3rd\assimp\include\assimp\fast_atof.h">
      <Filter>Header Files</Filter>
    </ClInclude>
    <ClInclude Include="3rd\assimp\include\assimp\GenericProperty.h">
      <Filter>Header Files</Filter>
    </ClInclude>
    <ClInclude Include="3rd\assimp\include\assimp\Hash.h">
      <Filter>Header Files</Filter>
    </ClInclude>
    <ClInclude Include="3rd\assimp\include\assimp\Importer.hpp">
      <Filter>Header Files</Filter>
    </ClInclude>
    <ClInclude Include="3rd\assimp\include\assimp\importerdesc.h">
      <Filter>Header Files</Filter>
    </ClInclude>
    <ClInclude Include="3rd\assimp\include\assimp\IOStream.hpp">
      <Filter>Header Files</Filter>
    </ClInclude>
    <ClInclude Include="3rd\assimp\include\assimp\IOStreamBuffer.h">
      <Filter>Header Files</Filter>
    </ClInclude>
    <ClInclude Include="3rd\assimp\include\assimp\IOSystem.hpp">
      <Filter>Header Files</Filter>
    </ClInclude>
    <ClInclude Include="3rd\assimp\include\assimp\irrXMLWrapper.h">
      <Filter>Header Files</Filter>
    </ClInclude>
    <ClInclude Include="3rd\assimp\include\assimp\light.h">
      <Filter>Header Files</Filter>
    </ClInclude>
    <ClInclude Include="3rd\assimp\include\assimp\LineSplitter.h">
      <Filter>Header Files</Filter>
    </ClInclude>
    <ClInclude Include="3rd\assimp\include\assimp\LogAux.h">
      <Filter>Header Files</Filter>
    </ClInclude>
    <ClInclude Include="3rd\assimp\include\assimp\Logger.hpp">
      <Filter>Header Files</Filter>
    </ClInclude>
    <ClInclude Include="3rd\assimp\include\assimp\LogStream.hpp">
      <Filter>Header Files</Filter>
    </ClInclude>
    <ClInclude Include="3rd\assimp\include\assimp\Macros.h">
      <Filter>Header Files</Filter>
    </ClInclude>
    <ClInclude Include="3rd\assimp\include\assimp\material.h">
      <Filter>Header Files</Filter>
    </ClInclude>
    <ClInclude Include="3rd\assimp\include\assimp\MathFunctions.h">
      <Filter>Header Files</Filter>
    </ClInclude>
    <ClInclude Include="3rd\assimp\include\assimp\matrix3x3.h">
      <Filter>Header Files</Filter>
    </ClInclude>
    <ClInclude Include="3rd\assimp\include\assimp\matrix4x4.h">
      <Filter>Header Files</Filter>
    </ClInclude>
    <ClInclude Include="3rd\assimp\include\assimp\MemoryIOWrapper.h">
      <Filter>Header Files</Filter>
    </ClInclude>
    <ClInclude Include="3rd\assimp\include\assimp\mesh.h">
      <Filter>Header Files</Filter>
    </ClInclude>
    <ClInclude Include="3rd\assimp\include\assimp\metadata.h">
      <Filter>Header Files</Filter>
    </ClInclude>
    <ClInclude Include="3rd\assimp\include\assimp\NullLogger.hpp">
      <Filter>Header Files</Filter>
    </ClInclude>
    <ClInclude Include="3rd\assimp\include\assimp\ParsingUtils.h">
      <Filter>Header Files</Filter>
    </ClInclude>
    <ClInclude Include="3rd\assimp\include\assimp\pbrmaterial.h">
      <Filter>Header Files</Filter>
    </ClInclude>
    <ClInclude Include="3rd\assimp\include\assimp\postprocess.h">
      <Filter>Header Files</Filter>
    </ClInclude>
    <ClInclude Include="3rd\assimp\include\assimp\Profiler.h">
      <Filter>Header Files</Filter>
    </ClInclude>
    <ClInclude Include="3rd\assimp\include\assimp\ProgressHandler.hpp">
      <Filter>Header Files</Filter>
    </ClInclude>
    <ClInclude Include="3rd\assimp\include\assimp\qnan.h">
      <Filter>Header Files</Filter>
    </ClInclude>
    <ClInclude Include="3rd\assimp\include\assimp\quaternion.h">
      <Filter>Header Files</Filter>
    </ClInclude>
    <ClInclude Include="3rd\assimp\include\assimp\RemoveComments.h">
      <Filter>Header Files</Filter>
    </ClInclude>
    <ClInclude Include="3rd\assimp\include\assimp\scene.h">
      <Filter>Header Files</Filter>
    </ClInclude>
    <ClInclude Include="3rd\assimp\include\assimp\SceneCombiner.h">
      <Filter>Header Files</Filter>
    </ClInclude>
    <ClInclude Include="3rd\assimp\include\assimp\SGSpatialSort.h">
      <Filter>Header Files</Filter>
    </ClInclude>
    <ClInclude Include="3rd\assimp\include\assimp\SkeletonMeshBuilder.h">
      <Filter>Header Files</Filter>
    </ClInclude>
    <ClInclude Include="3rd\assimp\include\assimp\SmoothingGroups.h">
      <Filter>Header Files</Filter>
    </ClInclude>
    <ClInclude Include="3rd\assimp\include\assimp\SpatialSort.h">
      <Filter>Header Files</Filter>
    </ClInclude>
    <ClInclude Include="3rd\assimp\include\assimp\StandardShapes.h">
      <Filter>Header Files</Filter>
    </ClInclude>
    <ClInclude Include="3rd\assimp\include\assimp\StreamReader.h">
      <Filter>Header Files</Filter>
    </ClInclude>
    <ClInclude Include="3rd\assimp\include\assimp\StreamWriter.h">
      <Filter>Header Files</Filter>
    </ClInclude>
    <ClInclude Include="3rd\assimp\include\assimp\StringComparison.h">
      <Filter>Header Files</Filter>
    </ClInclude>
    <ClInclude Include="3rd\assimp\include\assimp\StringUtils.h">
      <Filter>Header Files</Filter>
    </ClInclude>
    <ClInclude Include="3rd\assimp\include\assimp\Subdivision.h">
      <Filter>Header Files</Filter>
    </ClInclude>
    <ClInclude Include="3rd\assimp\include\assimp\texture.h">
      <Filter>Header Files</Filter>
    </ClInclude>
    <ClInclude Include="3rd\assimp\include\assimp\TinyFormatter.h">
      <Filter>Header Files</Filter>
    </ClInclude>
    <ClInclude Include="3rd\assimp\include\assimp\types.h">
      <Filter>Header Files</Filter>
    </ClInclude>
    <ClInclude Include="3rd\assimp\include\assimp\vector2.h">
      <Filter>Header Files</Filter>
    </ClInclude>
    <ClInclude Include="3rd\assimp\include\assimp\vector3.h">
      <Filter>Header Files</Filter>
    </ClInclude>
    <ClInclude Include="3rd\assimp\include\assimp\version.h">
      <Filter>Header Files</Filter>
    </ClInclude>
    <ClInclude Include="3rd\assimp\include\assimp\Vertex.h">
      <Filter>Header Files</Filter>
    </ClInclude>
    <ClInclude Include="3rd\assimp\include\assimp\XMLTools.h">
      <Filter>Header Files</Filter>
    </ClInclude>
    <ClInclude Include="3rd\assimp\include\assimp\ZipArchiveIOSystem.h">
      <Filter>Header Files</Filter>
    </ClInclude>
    <ClInclude Include="src\Renderer\Pass.h">
      <Filter>Header Files</Filter>
    </ClInclude>
    <ClInclude Include="src\Renderer\camera.h">
      <Filter>Header Files</Filter>
    </ClInclude>
    <ClInclude Include="src\Renderer\ShaderManager.h">
      <Filter>Header Files</Filter>
    </ClInclude>
    <ClInclude Include="src\Application\Application.h">
      <Filter>Header Files</Filter>
    </ClInclude>
    <ClInclude Include="src\Geometry\Plane.h">
      <Filter>Header Files</Filter>
    </ClInclude>
    <ClInclude Include="src\Renderer\Renderer.h">
      <Filter>Header Files</Filter>
    </ClInclude>
    <ClInclude Include="src\Application\Event.h">
      <Filter>Header Files</Filter>
    </ClInclude>
    <ClInclude Include="src\Geometry\Sphere.h">
      <Filter>Header Files</Filter>
    </ClInclude>
    <ClInclude Include="src\Definitions.h">
      <Filter>Header Files</Filter>
    </ClInclude>
    <ClInclude Include="src\Geometry\Quad.h">
      <Filter>Header Files</Filter>
    </ClInclude>
    <ClInclude Include="src\Renderer\LightSystem.h">
      <Filter>Header Files</Filter>
    </ClInclude>
    <ClInclude Include="src\Graphics\CubeTexture.h">
      <Filter>Header Files</Filter>
    </ClInclude>
    <ClInclude Include="src\Graphics\FrameBufferCube.h">
      <Filter>Header Files</Filter>
    </ClInclude>
    <ClInclude Include="src\Geometry\Cube.h">
      <Filter>Header Files</Filter>
    </ClInclude>
    <ClInclude Include="src\Renderer\TAA.h">
      <Filter>Header Files</Filter>
    </ClInclude>
    <ClInclude Include="src\Renderer\CSM.h">
      <Filter>Header Files</Filter>
    </ClInclude>
    <ClInclude Include="src\Renderer\shader.h">
      <Filter>Header Files</Filter>
    </ClInclude>
  </ItemGroup>
  <ItemGroup>
    <None Include="3rd\assimp\assimp\color4.inl">
      <Filter>Header Files</Filter>
    </None>
    <None Include="3rd\assimp\assimp\material.inl">
      <Filter>Header Files</Filter>
    </None>
    <None Include="3rd\assimp\assimp\matrix3x3.inl">
      <Filter>Header Files</Filter>
    </None>
    <None Include="3rd\assimp\assimp\matrix4x4.inl">
      <Filter>Header Files</Filter>
    </None>
    <None Include="3rd\assimp\assimp\quaternion.inl">
      <Filter>Header Files</Filter>
    </None>
    <None Include="3rd\assimp\assimp\SmoothingGroups.inl">
      <Filter>Header Files</Filter>
    </None>
    <None Include="3rd\assimp\assimp\vector2.inl">
      <Filter>Header Files</Filter>
    </None>
    <None Include="3rd\assimp\assimp\vector3.inl">
      <Filter>Header Files</Filter>
    </None>
    <None Include="3rd\glm\detail\func_common.inl">
      <Filter>Header Files</Filter>
    </None>
    <None Include="3rd\glm\detail\func_common_simd.inl">
      <Filter>Header Files</Filter>
    </None>
    <None Include="3rd\glm\detail\func_exponential.inl">
      <Filter>Header Files</Filter>
    </None>
    <None Include="3rd\glm\detail\func_exponential_simd.inl">
      <Filter>Header Files</Filter>
    </None>
    <None Include="3rd\glm\detail\func_geometric.inl">
      <Filter>Header Files</Filter>
    </None>
    <None Include="3rd\glm\detail\func_geometric_simd.inl">
      <Filter>Header Files</Filter>
    </None>
    <None Include="3rd\glm\detail\func_integer.inl">
      <Filter>Header Files</Filter>
    </None>
    <None Include="3rd\glm\detail\func_integer_simd.inl">
      <Filter>Header Files</Filter>
    </None>
    <None Include="3rd\glm\detail\func_matrix.inl">
      <Filter>Header Files</Filter>
    </None>
    <None Include="3rd\glm\detail\func_matrix_simd.inl">
      <Filter>Header Files</Filter>
    </None>
    <None Include="3rd\glm\detail\func_packing.inl">
      <Filter>Header Files</Filter>
    </None>
    <None Include="3rd\glm\detail\func_packing_simd.inl">
      <Filter>Header Files</Filter>
    </None>
    <None Include="3rd\glm\detail\func_trigonometric.inl">
      <Filter>Header Files</Filter>
    </None>
    <None Include="3rd\glm\detail\func_trigonometric_simd.inl">
      <Filter>Header Files</Filter>
    </None>
    <None Include="3rd\glm\detail\func_vector_relational.inl">
      <Filter>Header Files</Filter>
    </None>
    <None Include="3rd\glm\detail\func_vector_relational_simd.inl">
      <Filter>Header Files</Filter>
    </None>
    <None Include="3rd\glm\detail\type_half.inl">
      <Filter>Header Files</Filter>
    </None>
    <None Include="3rd\glm\detail\type_mat2x2.inl">
      <Filter>Header Files</Filter>
    </None>
    <None Include="3rd\glm\detail\type_mat2x3.inl">
      <Filter>Header Files</Filter>
    </None>
    <None Include="3rd\glm\detail\type_mat2x4.inl">
      <Filter>Header Files</Filter>
    </None>
    <None Include="3rd\glm\detail\type_mat3x2.inl">
      <Filter>Header Files</Filter>
    </None>
    <None Include="3rd\glm\detail\type_mat3x3.inl">
      <Filter>Header Files</Filter>
    </None>
    <None Include="3rd\glm\detail\type_mat3x4.inl">
      <Filter>Header Files</Filter>
    </None>
    <None Include="3rd\glm\detail\type_mat4x2.inl">
      <Filter>Header Files</Filter>
    </None>
    <None Include="3rd\glm\detail\type_mat4x3.inl">
      <Filter>Header Files</Filter>
    </None>
    <None Include="3rd\glm\detail\type_mat4x4.inl">
      <Filter>Header Files</Filter>
    </None>
    <None Include="3rd\glm\detail\type_mat4x4_simd.inl">
      <Filter>Header Files</Filter>
    </None>
    <None Include="3rd\glm\detail\type_quat.inl">
      <Filter>Header Files</Filter>
    </None>
    <None Include="3rd\glm\detail\type_quat_simd.inl">
      <Filter>Header Files</Filter>
    </None>
    <None Include="3rd\glm\detail\type_vec1.inl">
      <Filter>Header Files</Filter>
    </None>
    <None Include="3rd\glm\detail\type_vec2.inl">
      <Filter>Header Files</Filter>
    </None>
    <None Include="3rd\glm\detail\type_vec3.inl">
      <Filter>Header Files</Filter>
    </None>
    <None Include="3rd\glm\detail\type_vec4.inl">
      <Filter>Header Files</Filter>
    </None>
    <None Include="3rd\glm\detail\type_vec4_simd.inl">
      <Filter>Header Files</Filter>
    </None>
    <None Include="3rd\glm\ext\matrix_clip_space.inl">
      <Filter>Header Files</Filter>
    </None>
    <None Include="3rd\glm\ext\matrix_common.inl">
      <Filter>Header Files</Filter>
    </None>
    <None Include="3rd\glm\ext\matrix_projection.inl">
      <Filter>Header Files</Filter>
    </None>
    <None Include="3rd\glm\ext\matrix_relational.inl">
      <Filter>Header Files</Filter>
    </None>
    <None Include="3rd\glm\ext\matrix_transform.inl">
      <Filter>Header Files</Filter>
    </None>
    <None Include="3rd\glm\ext\quaternion_common.inl">
      <Filter>Header Files</Filter>
    </None>
    <None Include="3rd\glm\ext\quaternion_common_simd.inl">
      <Filter>Header Files</Filter>
    </None>
    <None Include="3rd\glm\ext\quaternion_exponential.inl">
      <Filter>Header Files</Filter>
    </None>
    <None Include="3rd\glm\ext\quaternion_geometric.inl">
      <Filter>Header Files</Filter>
    </None>
    <None Include="3rd\glm\ext\quaternion_relational.inl">
      <Filter>Header Files</Filter>
    </None>
    <None Include="3rd\glm\ext\quaternion_transform.inl">
      <Filter>Header Files</Filter>
    </None>
    <None Include="3rd\glm\ext\quaternion_trigonometric.inl">
      <Filter>Header Files</Filter>
    </None>
    <None Include="3rd\glm\ext\scalar_common.inl">
      <Filter>Header Files</Filter>
    </None>
    <None Include="3rd\glm\ext\scalar_constants.inl">
      <Filter>Header Files</Filter>
    </None>
    <None Include="3rd\glm\ext\scalar_integer.inl">
      <Filter>Header Files</Filter>
    </None>
    <None Include="3rd\glm\ext\scalar_packing.inl">
      <Filter>Header Files</Filter>
    </None>
    <None Include="3rd\glm\ext\scalar_relational.inl">
      <Filter>Header Files</Filter>
    </None>
    <None Include="3rd\glm\ext\scalar_ulp.inl">
      <Filter>Header Files</Filter>
    </None>
    <None Include="3rd\glm\ext\vector_common.inl">
      <Filter>Header Files</Filter>
    </None>
    <None Include="3rd\glm\ext\vector_integer.inl">
      <Filter>Header Files</Filter>
    </None>
    <None Include="3rd\glm\ext\vector_packing.inl">
      <Filter>Header Files</Filter>
    </None>
    <None Include="3rd\glm\ext\vector_relational.inl">
      <Filter>Header Files</Filter>
    </None>
    <None Include="3rd\glm\ext\vector_ulp.inl">
      <Filter>Header Files</Filter>
    </None>
    <None Include="3rd\glm\gtc\bitfield.inl">
      <Filter>Header Files</Filter>
    </None>
    <None Include="3rd\glm\gtc\color_space.inl">
      <Filter>Header Files</Filter>
    </None>
    <None Include="3rd\glm\gtc\constants.inl">
      <Filter>Header Files</Filter>
    </None>
    <None Include="3rd\glm\gtc\epsilon.inl">
      <Filter>Header Files</Filter>
    </None>
    <None Include="3rd\glm\gtc\integer.inl">
      <Filter>Header Files</Filter>
    </None>
    <None Include="3rd\glm\gtc\matrix_access.inl">
      <Filter>Header Files</Filter>
    </None>
    <None Include="3rd\glm\gtc\matrix_inverse.inl">
      <Filter>Header Files</Filter>
    </None>
    <None Include="3rd\glm\gtc\matrix_transform.inl">
      <Filter>Header Files</Filter>
    </None>
    <None Include="3rd\glm\gtc\noise.inl">
      <Filter>Header Files</Filter>
    </None>
    <None Include="3rd\glm\gtc\packing.inl">
      <Filter>Header Files</Filter>
    </None>
    <None Include="3rd\glm\gtc\quaternion.inl">
      <Filter>Header Files</Filter>
    </None>
    <None Include="3rd\glm\gtc\quaternion_simd.inl">
      <Filter>Header Files</Filter>
    </None>
    <None Include="3rd\glm\gtc\random.inl">
      <Filter>Header Files</Filter>
    </None>
    <None Include="3rd\glm\gtc\reciprocal.inl">
      <Filter>Header Files</Filter>
    </None>
    <None Include="3rd\glm\gtc\round.inl">
      <Filter>Header Files</Filter>
    </None>
    <None Include="3rd\glm\gtc\type_precision.inl">
      <Filter>Header Files</Filter>
    </None>
    <None Include="3rd\glm\gtc\type_ptr.inl">
      <Filter>Header Files</Filter>
    </None>
    <None Include="3rd\glm\gtc\ulp.inl">
      <Filter>Header Files</Filter>
    </None>
    <None Include="3rd\glm\gtx\associated_min_max.inl">
      <Filter>Header Files</Filter>
    </None>
    <None Include="3rd\glm\gtx\bit.inl">
      <Filter>Header Files</Filter>
    </None>
    <None Include="3rd\glm\gtx\closest_point.inl">
      <Filter>Header Files</Filter>
    </None>
    <None Include="3rd\glm\gtx\color_encoding.inl">
      <Filter>Header Files</Filter>
    </None>
    <None Include="3rd\glm\gtx\color_space.inl">
      <Filter>Header Files</Filter>
    </None>
    <None Include="3rd\glm\gtx\color_space_YCoCg.inl">
      <Filter>Header Files</Filter>
    </None>
    <None Include="3rd\glm\gtx\common.inl">
      <Filter>Header Files</Filter>
    </None>
    <None Include="3rd\glm\gtx\compatibility.inl">
      <Filter>Header Files</Filter>
    </None>
    <None Include="3rd\glm\gtx\component_wise.inl">
      <Filter>Header Files</Filter>
    </None>
    <None Include="3rd\glm\gtx\dual_quaternion.inl">
      <Filter>Header Files</Filter>
    </None>
    <None Include="3rd\glm\gtx\easing.inl">
      <Filter>Header Files</Filter>
    </None>
    <None Include="3rd\glm\gtx\euler_angles.inl">
      <Filter>Header Files</Filter>
    </None>
    <None Include="3rd\glm\gtx\extend.inl">
      <Filter>Header Files</Filter>
    </None>
    <None Include="3rd\glm\gtx\extended_min_max.inl">
      <Filter>Header Files</Filter>
    </None>
    <None Include="3rd\glm\gtx\exterior_product.inl">
      <Filter>Header Files</Filter>
    </None>
    <None Include="3rd\glm\gtx\fast_exponential.inl">
      <Filter>Header Files</Filter>
    </None>
    <None Include="3rd\glm\gtx\fast_square_root.inl">
      <Filter>Header Files</Filter>
    </None>
    <None Include="3rd\glm\gtx\fast_trigonometry.inl">
      <Filter>Header Files</Filter>
    </None>
    <None Include="3rd\glm\gtx\float_notmalize.inl">
      <Filter>Header Files</Filter>
    </None>
    <None Include="3rd\glm\gtx\functions.inl">
      <Filter>Header Files</Filter>
    </None>
    <None Include="3rd\glm\gtx\gradient_paint.inl">
      <Filter>Header Files</Filter>
    </None>
    <None Include="3rd\glm\gtx\handed_coordinate_space.inl">
      <Filter>Header Files</Filter>
    </None>
    <None Include="3rd\glm\gtx\hash.inl">
      <Filter>Header Files</Filter>
    </None>
    <None Include="3rd\glm\gtx\integer.inl">
      <Filter>Header Files</Filter>
    </None>
    <None Include="3rd\glm\gtx\intersect.inl">
      <Filter>Header Files</Filter>
    </None>
    <None Include="3rd\glm\gtx\io.inl">
      <Filter>Header Files</Filter>
    </None>
    <None Include="3rd\glm\gtx\log_base.inl">
      <Filter>Header Files</Filter>
    </None>
    <None Include="3rd\glm\gtx\matrix_cross_product.inl">
      <Filter>Header Files</Filter>
    </None>
    <None Include="3rd\glm\gtx\matrix_decompose.inl">
      <Filter>Header Files</Filter>
    </None>
    <None Include="3rd\glm\gtx\matrix_factorisation.inl">
      <Filter>Header Files</Filter>
    </None>
    <None Include="3rd\glm\gtx\matrix_interpolation.inl">
      <Filter>Header Files</Filter>
    </None>
    <None Include="3rd\glm\gtx\matrix_major_storage.inl">
      <Filter>Header Files</Filter>
    </None>
    <None Include="3rd\glm\gtx\matrix_operation.inl">
      <Filter>Header Files</Filter>
    </None>
    <None Include="3rd\glm\gtx\matrix_query.inl">
      <Filter>Header Files</Filter>
    </None>
    <None Include="3rd\glm\gtx\matrix_transform_2d.inl">
      <Filter>Header Files</Filter>
    </None>
    <None Include="3rd\glm\gtx\mixed_product.inl">
      <Filter>Header Files</Filter>
    </None>
    <None Include="3rd\glm\gtx\norm.inl">
      <Filter>Header Files</Filter>
    </None>
    <None Include="3rd\glm\gtx\normal.inl">
      <Filter>Header Files</Filter>
    </None>
    <None Include="3rd\glm\gtx\normalize_dot.inl">
      <Filter>Header Files</Filter>
    </None>
    <None Include="3rd\glm\gtx\number_precision.inl">
      <Filter>Header Files</Filter>
    </None>
    <None Include="3rd\glm\gtx\optimum_pow.inl">
      <Filter>Header Files</Filter>
    </None>
    <None Include="3rd\glm\gtx\orthonormalize.inl">
      <Filter>Header Files</Filter>
    </None>
    <None Include="3rd\glm\gtx\perpendicular.inl">
      <Filter>Header Files</Filter>
    </None>
    <None Include="3rd\glm\gtx\polar_coordinates.inl">
      <Filter>Header Files</Filter>
    </None>
    <None Include="3rd\glm\gtx\projection.inl">
      <Filter>Header Files</Filter>
    </None>
    <None Include="3rd\glm\gtx\quaternion.inl">
      <Filter>Header Files</Filter>
    </None>
    <None Include="3rd\glm\gtx\raw_data.inl">
      <Filter>Header Files</Filter>
    </None>
    <None Include="3rd\glm\gtx\rotate_normalized_axis.inl">
      <Filter>Header Files</Filter>
    </None>
    <None Include="3rd\glm\gtx\rotate_vector.inl">
      <Filter>Header Files</Filter>
    </None>
    <None Include="3rd\glm\gtx\scalar_relational.inl">
      <Filter>Header Files</Filter>
    </None>
    <None Include="3rd\glm\gtx\spline.inl">
      <Filter>Header Files</Filter>
    </None>
    <None Include="3rd\glm\gtx\std_based_type.inl">
      <Filter>Header Files</Filter>
    </None>
    <None Include="3rd\glm\gtx\string_cast.inl">
      <Filter>Header Files</Filter>
    </None>
    <None Include="3rd\glm\gtx\texture.inl">
      <Filter>Header Files</Filter>
    </None>
    <None Include="3rd\glm\gtx\transform.inl">
      <Filter>Header Files</Filter>
    </None>
    <None Include="3rd\glm\gtx\transform2.inl">
      <Filter>Header Files</Filter>
    </None>
    <None Include="3rd\glm\gtx\type_aligned.inl">
      <Filter>Header Files</Filter>
    </None>
    <None Include="3rd\glm\gtx\type_trait.inl">
      <Filter>Header Files</Filter>
    </None>
    <None Include="3rd\glm\gtx\vector_angle.inl">
      <Filter>Header Files</Filter>
    </None>
    <None Include="3rd\glm\gtx\vector_query.inl">
      <Filter>Header Files</Filter>
    </None>
    <None Include="3rd\glm\gtx\wrap.inl">
      <Filter>Header Files</Filter>
    </None>
    <None Include="3rd\assimp\include\assimp\color4.inl">
      <Filter>Header Files</Filter>
    </None>
    <None Include="3rd\assimp\include\assimp\material.inl">
      <Filter>Header Files</Filter>
    </None>
    <None Include="3rd\assimp\include\assimp\matrix3x3.inl">
      <Filter>Header Files</Filter>
    </None>
    <None Include="3rd\assimp\include\assimp\matrix4x4.inl">
      <Filter>Header Files</Filter>
    </None>
    <None Include="3rd\assimp\include\assimp\quaternion.inl">
      <Filter>Header Files</Filter>
    </None>
    <None Include="3rd\assimp\include\assimp\SmoothingGroups.inl">
      <Filter>Header Files</Filter>
    </None>
    <None Include="3rd\assimp\include\assimp\vector2.inl">
      <Filter>Header Files</Filter>
    </None>
    <None Include="3rd\assimp\include\assimp\vector3.inl">
      <Filter>Header Files</Filter>
    </None>
  </ItemGroup>
</Project>